// !$*UTF8*$!
{
	archiveVersion = 1;
	classes = {
	};
	objectVersion = 47;
	objects = {

/* Begin PBXBuildFile section */
		470A521C1B7A7F0900200D17 /* VideoView.swift in Sources */ = {isa = PBXBuildFile; fileRef = 470A521B1B7A7F0900200D17 /* VideoView.swift */; };
		4741D9921B99CD43001A1D6F /* PlayerViewController.swift in Sources */ = {isa = PBXBuildFile; fileRef = 4741D9911B99CD43001A1D6F /* PlayerViewController.swift */; };
		4741D9941B9B3F38001A1D6F /* KeyCode.swift in Sources */ = {isa = PBXBuildFile; fileRef = 4741D9931B9B3F38001A1D6F /* KeyCode.swift */; };
		47AD85651B6CF6F700B5A3C1 /* AppDelegate.swift in Sources */ = {isa = PBXBuildFile; fileRef = 47AD85641B6CF6F700B5A3C1 /* AppDelegate.swift */; };
		47AD85691B6CF6F700B5A3C1 /* Images.xcassets in Resources */ = {isa = PBXBuildFile; fileRef = 47AD85681B6CF6F700B5A3C1 /* Images.xcassets */; };
		47AD856C1B6CF6F700B5A3C1 /* Main.storyboard in Resources */ = {isa = PBXBuildFile; fileRef = 47AD856A1B6CF6F700B5A3C1 /* Main.storyboard */; };
		47AD85981B6D51E900B5A3C1 /* MpvController.swift in Sources */ = {isa = PBXBuildFile; fileRef = 47AD85971B6D51E900B5A3C1 /* MpvController.swift */; };
		47AD85CE1B6EA6A800B5A3C1 /* swiftbridge.m in Sources */ = {isa = PBXBuildFile; fileRef = 47AD85CD1B6EA6A800B5A3C1 /* swiftbridge.m */; };
		47AD85D01B768FC100B5A3C1 /* PlayerWindowController.swift in Sources */ = {isa = PBXBuildFile; fileRef = 47AD85CF1B768FC100B5A3C1 /* PlayerWindowController.swift */; };
		47C5CEB11B86781600BE6554 /* PlayerWindow.swift in Sources */ = {isa = PBXBuildFile; fileRef = 47C5CEB01B86781600BE6554 /* PlayerWindow.swift */; };
		47C5CEB31B87C54900BE6554 /* ControlView.swift in Sources */ = {isa = PBXBuildFile; fileRef = 47C5CEB21B87C54900BE6554 /* ControlView.swift */; };
		47C5CEB51B87D1F700BE6554 /* ControlUIView.swift in Sources */ = {isa = PBXBuildFile; fileRef = 47C5CEB41B87D1F700BE6554 /* ControlUIView.swift */; };
		47EAAC531B8BBE3400EC1461 /* PlayerState.swift in Sources */ = {isa = PBXBuildFile; fileRef = 47EAAC521B8BBE3400EC1461 /* PlayerState.swift */; };
		47EAAC551B8D095100EC1461 /* mpxTests.swift in Sources */ = {isa = PBXBuildFile; fileRef = 47EAAC541B8D095100EC1461 /* mpxTests.swift */; };
		47EFA25B1B9C7743001AE5B4 /* libmpv.1.19.0.dylib in Frameworks */ = {isa = PBXBuildFile; fileRef = 47EFA25A1B9C7743001AE5B4 /* libmpv.1.19.0.dylib */; };
		6F14AEF93B2728214C1926D0 /* Pods_mpx.framework in Frameworks */ = {isa = PBXBuildFile; fileRef = CC91C244E08987EE3FEE9C96 /* Pods_mpx.framework */; settings = {ATTRIBUTES = (Weak, ); }; };
/* End PBXBuildFile section */

/* Begin PBXContainerItemProxy section */
		47AD85721B6CF6F700B5A3C1 /* PBXContainerItemProxy */ = {
			isa = PBXContainerItemProxy;
			containerPortal = 47AD85571B6CF6F700B5A3C1 /* Project object */;
			proxyType = 1;
			remoteGlobalIDString = 47AD855E1B6CF6F700B5A3C1;
			remoteInfo = mpx;
		};
/* End PBXContainerItemProxy section */

/* Begin PBXFileReference section */
		470A521B1B7A7F0900200D17 /* VideoView.swift */ = {isa = PBXFileReference; fileEncoding = 4; lastKnownFileType = sourcecode.swift; name = VideoView.swift; path = mpx/VideoView.swift; sourceTree = "<group>"; };
		4741D9911B99CD43001A1D6F /* PlayerViewController.swift */ = {isa = PBXFileReference; fileEncoding = 4; lastKnownFileType = sourcecode.swift; path = PlayerViewController.swift; sourceTree = "<group>"; };
		4741D9931B9B3F38001A1D6F /* KeyCode.swift */ = {isa = PBXFileReference; fileEncoding = 4; lastKnownFileType = sourcecode.swift; path = KeyCode.swift; sourceTree = "<group>"; };
		47AD855F1B6CF6F700B5A3C1 /* mpx.app */ = {isa = PBXFileReference; explicitFileType = wrapper.application; includeInIndex = 0; path = mpx.app; sourceTree = BUILT_PRODUCTS_DIR; };
		47AD85631B6CF6F700B5A3C1 /* Info.plist */ = {isa = PBXFileReference; lastKnownFileType = text.plist.xml; path = Info.plist; sourceTree = "<group>"; };
		47AD85641B6CF6F700B5A3C1 /* AppDelegate.swift */ = {isa = PBXFileReference; lastKnownFileType = sourcecode.swift; path = AppDelegate.swift; sourceTree = "<group>"; };
		47AD85681B6CF6F700B5A3C1 /* Images.xcassets */ = {isa = PBXFileReference; lastKnownFileType = folder.assetcatalog; path = Images.xcassets; sourceTree = "<group>"; };
		47AD856B1B6CF6F700B5A3C1 /* Base */ = {isa = PBXFileReference; lastKnownFileType = file.storyboard; name = Base; path = Base.lproj/Main.storyboard; sourceTree = "<group>"; };
		47AD85711B6CF6F700B5A3C1 /* mpxTests.xctest */ = {isa = PBXFileReference; explicitFileType = wrapper.cfbundle; includeInIndex = 0; path = mpxTests.xctest; sourceTree = BUILT_PRODUCTS_DIR; };
		47AD85761B6CF6F700B5A3C1 /* Info.plist */ = {isa = PBXFileReference; lastKnownFileType = text.plist.xml; path = Info.plist; sourceTree = "<group>"; };
		47AD85971B6D51E900B5A3C1 /* MpvController.swift */ = {isa = PBXFileReference; fileEncoding = 4; lastKnownFileType = sourcecode.swift; path = MpvController.swift; sourceTree = "<group>"; };
		47AD85CD1B6EA6A800B5A3C1 /* swiftbridge.m */ = {isa = PBXFileReference; fileEncoding = 4; lastKnownFileType = sourcecode.c.objc; path = swiftbridge.m; sourceTree = "<group>"; };
		47AD85CF1B768FC100B5A3C1 /* PlayerWindowController.swift */ = {isa = PBXFileReference; fileEncoding = 4; lastKnownFileType = sourcecode.swift; path = PlayerWindowController.swift; sourceTree = "<group>"; };
		47AD85E71B77ADCB00B5A3C1 /* client.h */ = {isa = PBXFileReference; fileEncoding = 4; lastKnownFileType = sourcecode.c.h; path = client.h; sourceTree = "<group>"; };
		47AD85E91B77ADCB00B5A3C1 /* swiftbridge.h */ = {isa = PBXFileReference; fileEncoding = 4; lastKnownFileType = sourcecode.c.h; path = swiftbridge.h; sourceTree = "<group>"; };
		47C5CEB01B86781600BE6554 /* PlayerWindow.swift */ = {isa = PBXFileReference; fileEncoding = 4; lastKnownFileType = sourcecode.swift; name = PlayerWindow.swift; path = mpx/PlayerWindow.swift; sourceTree = "<group>"; };
		47C5CEB21B87C54900BE6554 /* ControlView.swift */ = {isa = PBXFileReference; fileEncoding = 4; lastKnownFileType = sourcecode.swift; name = ControlView.swift; path = mpx/ControlView.swift; sourceTree = "<group>"; };
		47C5CEB41B87D1F700BE6554 /* ControlUIView.swift */ = {isa = PBXFileReference; fileEncoding = 4; lastKnownFileType = sourcecode.swift; name = ControlUIView.swift; path = mpx/ControlUIView.swift; sourceTree = "<group>"; };
		47EAAC521B8BBE3400EC1461 /* PlayerState.swift */ = {isa = PBXFileReference; fileEncoding = 4; lastKnownFileType = sourcecode.swift; path = PlayerState.swift; sourceTree = "<group>"; };
		47EAAC541B8D095100EC1461 /* mpxTests.swift */ = {isa = PBXFileReference; fileEncoding = 4; lastKnownFileType = sourcecode.swift; path = mpxTests.swift; sourceTree = "<group>"; };
		47EFA25A1B9C7743001AE5B4 /* libmpv.1.19.0.dylib */ = {isa = PBXFileReference; lastKnownFileType = "compiled.mach-o.dylib"; path = libmpv.1.19.0.dylib; sourceTree = "<group>"; };
		937C74BFC03A022A479B49F1 /* Pods-mpx.debug.xcconfig */ = {isa = PBXFileReference; includeInIndex = 1; lastKnownFileType = text.xcconfig; name = "Pods-mpx.debug.xcconfig"; path = "Pods/Target Support Files/Pods-mpx/Pods-mpx.debug.xcconfig"; sourceTree = "<group>"; };
		CC91C244E08987EE3FEE9C96 /* Pods_mpx.framework */ = {isa = PBXFileReference; explicitFileType = wrapper.framework; includeInIndex = 0; path = Pods_mpx.framework; sourceTree = BUILT_PRODUCTS_DIR; };
		ECAF707CAD6A950CA12731C5 /* Pods-mpx.release.xcconfig */ = {isa = PBXFileReference; includeInIndex = 1; lastKnownFileType = text.xcconfig; name = "Pods-mpx.release.xcconfig"; path = "Pods/Target Support Files/Pods-mpx/Pods-mpx.release.xcconfig"; sourceTree = "<group>"; };
/* End PBXFileReference section */

/* Begin PBXFrameworksBuildPhase section */
		47AD855C1B6CF6F700B5A3C1 /* Frameworks */ = {
			isa = PBXFrameworksBuildPhase;
			buildActionMask = 2147483647;
			files = (
				47EFA25B1B9C7743001AE5B4 /* libmpv.1.19.0.dylib in Frameworks */,
				6F14AEF93B2728214C1926D0 /* Pods_mpx.framework in Frameworks */,
			);
			runOnlyForDeploymentPostprocessing = 0;
		};
		47AD856E1B6CF6F700B5A3C1 /* Frameworks */ = {
			isa = PBXFrameworksBuildPhase;
			buildActionMask = 2147483647;
			files = (
			);
			runOnlyForDeploymentPostprocessing = 0;
		};
/* End PBXFrameworksBuildPhase section */

/* Begin PBXGroup section */
		0DCFFEE3059936F629EDF283 /* Pods */ = {
			isa = PBXGroup;
			children = (
				937C74BFC03A022A479B49F1 /* Pods-mpx.debug.xcconfig */,
				ECAF707CAD6A950CA12731C5 /* Pods-mpx.release.xcconfig */,
			);
			name = Pods;
			sourceTree = "<group>";
		};
		47AD85561B6CF6F700B5A3C1 = {
			isa = PBXGroup;
			children = (
				47AD85CD1B6EA6A800B5A3C1 /* swiftbridge.m */,
				47AD85E61B77ADCB00B5A3C1 /* include */,
				47AD85DF1B77AC8D00B5A3C1 /* lib */,
				47B942301B7E5DD20013FCC3 /* resources */,
				47AD85611B6CF6F700B5A3C1 /* mpx */,
				47AD85741B6CF6F700B5A3C1 /* mpxTests */,
				47AD85601B6CF6F700B5A3C1 /* Products */,
				0DCFFEE3059936F629EDF283 /* Pods */,
				E85519FBD8E72CCA72A56A3C /* Frameworks */,
			);
			sourceTree = "<group>";
		};
		47AD85601B6CF6F700B5A3C1 /* Products */ = {
			isa = PBXGroup;
			children = (
				47AD855F1B6CF6F700B5A3C1 /* mpx.app */,
				47AD85711B6CF6F700B5A3C1 /* mpxTests.xctest */,
			);
			name = Products;
			sourceTree = "<group>";
		};
		47AD85611B6CF6F700B5A3C1 /* mpx */ = {
			isa = PBXGroup;
			children = (
				47AD85C91B6E0A3300B5A3C1 /* controller */,
				47AD85C41B6E08F800B5A3C1 /* view */,
				47AD85641B6CF6F700B5A3C1 /* AppDelegate.swift */,
				4741D9931B9B3F38001A1D6F /* KeyCode.swift */,
				47EAAC521B8BBE3400EC1461 /* PlayerState.swift */,
				47AD85681B6CF6F700B5A3C1 /* Images.xcassets */,
				47AD856A1B6CF6F700B5A3C1 /* Main.storyboard */,
				47AD85621B6CF6F700B5A3C1 /* Supporting Files */,
			);
			path = mpx;
			sourceTree = "<group>";
		};
		47AD85621B6CF6F700B5A3C1 /* Supporting Files */ = {
			isa = PBXGroup;
			children = (
				47AD85631B6CF6F700B5A3C1 /* Info.plist */,
			);
			name = "Supporting Files";
			sourceTree = "<group>";
		};
		47AD85741B6CF6F700B5A3C1 /* mpxTests */ = {
			isa = PBXGroup;
			children = (
				47AD85751B6CF6F700B5A3C1 /* Supporting Files */,
				47EAAC541B8D095100EC1461 /* mpxTests.swift */,
			);
			path = mpxTests;
			sourceTree = "<group>";
		};
		47AD85751B6CF6F700B5A3C1 /* Supporting Files */ = {
			isa = PBXGroup;
			children = (
				47AD85761B6CF6F700B5A3C1 /* Info.plist */,
			);
			name = "Supporting Files";
			sourceTree = "<group>";
		};
		47AD85C41B6E08F800B5A3C1 /* view */ = {
			isa = PBXGroup;
			children = (
				47C5CEB41B87D1F700BE6554 /* ControlUIView.swift */,
				470A521B1B7A7F0900200D17 /* VideoView.swift */,
				47C5CEB01B86781600BE6554 /* PlayerWindow.swift */,
				47C5CEB21B87C54900BE6554 /* ControlView.swift */,
			);
			name = view;
			path = ..;
			sourceTree = "<group>";
		};
		47AD85C91B6E0A3300B5A3C1 /* controller */ = {
			isa = PBXGroup;
			children = (
				47AD85971B6D51E900B5A3C1 /* MpvController.swift */,
				47AD85CF1B768FC100B5A3C1 /* PlayerWindowController.swift */,
				4741D9911B99CD43001A1D6F /* PlayerViewController.swift */,
			);
			name = controller;
			sourceTree = "<group>";
		};
		47AD85DF1B77AC8D00B5A3C1 /* lib */ = {
			isa = PBXGroup;
			children = (
				47EFA25A1B9C7743001AE5B4 /* libmpv.1.19.0.dylib */,
			);
			path = lib;
			sourceTree = "<group>";
		};
		47AD85E61B77ADCB00B5A3C1 /* include */ = {
			isa = PBXGroup;
			children = (
				47AD85E71B77ADCB00B5A3C1 /* client.h */,
				47AD85E91B77ADCB00B5A3C1 /* swiftbridge.h */,
			);
			path = include;
			sourceTree = "<group>";
		};
		47B942301B7E5DD20013FCC3 /* resources */ = {
			isa = PBXGroup;
			children = (
				47B942311B7E5DD20013FCC3 /* fonts */,
			);
			path = resources;
			sourceTree = "<group>";
		};
		47B942311B7E5DD20013FCC3 /* fonts */ = {
			isa = PBXGroup;
			children = (
			);
			path = fonts;
			sourceTree = "<group>";
		};
		E85519FBD8E72CCA72A56A3C /* Frameworks */ = {
			isa = PBXGroup;
			children = (
				CC91C244E08987EE3FEE9C96 /* Pods_mpx.framework */,
			);
			name = Frameworks;
			sourceTree = "<group>";
		};
/* End PBXGroup section */

/* Begin PBXNativeTarget section */
		47AD855E1B6CF6F700B5A3C1 /* mpx */ = {
			isa = PBXNativeTarget;
			buildConfigurationList = 47AD857B1B6CF6F700B5A3C1 /* Build configuration list for PBXNativeTarget "mpx" */;
			buildPhases = (
				D0D67C15A1BCDCD7D283D434 /* Check Pods Manifest.lock */,
				47AD855B1B6CF6F700B5A3C1 /* Sources */,
				47AD855C1B6CF6F700B5A3C1 /* Frameworks */,
				47AD855D1B6CF6F700B5A3C1 /* Resources */,
				47EFA2561B9C5689001AE5B4 /* Copy Dependencies */,
				5E313414F0AF578E6DEB2B9F /* Embed Pods Frameworks */,
				73CD8E087EDD7464AB9883CA /* Copy Pods Resources */,
			);
			buildRules = (
			);
			dependencies = (
			);
			name = mpx;
			productName = mpx;
			productReference = 47AD855F1B6CF6F700B5A3C1 /* mpx.app */;
			productType = "com.apple.product-type.application";
		};
		47AD85701B6CF6F700B5A3C1 /* mpxTests */ = {
			isa = PBXNativeTarget;
			buildConfigurationList = 47AD857E1B6CF6F700B5A3C1 /* Build configuration list for PBXNativeTarget "mpxTests" */;
			buildPhases = (
				47AD856D1B6CF6F700B5A3C1 /* Sources */,
				47AD856E1B6CF6F700B5A3C1 /* Frameworks */,
				47AD856F1B6CF6F700B5A3C1 /* Resources */,
			);
			buildRules = (
			);
			dependencies = (
				47AD85731B6CF6F700B5A3C1 /* PBXTargetDependency */,
			);
			name = mpxTests;
			productName = mpxTests;
			productReference = 47AD85711B6CF6F700B5A3C1 /* mpxTests.xctest */;
			productType = "com.apple.product-type.bundle.unit-test";
		};
/* End PBXNativeTarget section */

/* Begin PBXProject section */
		47AD85571B6CF6F700B5A3C1 /* Project object */ = {
			isa = PBXProject;
			attributes = {
				LastSwiftMigration = 0700;
				LastSwiftUpdateCheck = 0700;
				LastUpgradeCheck = 0700;
				ORGANIZATIONNAME = phill84;
				TargetAttributes = {
					47AD855E1B6CF6F700B5A3C1 = {
						CreatedOnToolsVersion = 6.4;
					};
					47AD85701B6CF6F700B5A3C1 = {
						CreatedOnToolsVersion = 6.4;
						TestTargetID = 47AD855E1B6CF6F700B5A3C1;
					};
				};
			};
			buildConfigurationList = 47AD855A1B6CF6F700B5A3C1 /* Build configuration list for PBXProject "mpx" */;
			compatibilityVersion = "Xcode 6.3";
			developmentRegion = English;
			hasScannedForEncodings = 0;
			knownRegions = (
				en,
				Base,
			);
			mainGroup = 47AD85561B6CF6F700B5A3C1;
			productRefGroup = 47AD85601B6CF6F700B5A3C1 /* Products */;
			projectDirPath = "";
			projectRoot = "";
			targets = (
				47AD855E1B6CF6F700B5A3C1 /* mpx */,
				47AD85701B6CF6F700B5A3C1 /* mpxTests */,
			);
		};
/* End PBXProject section */

/* Begin PBXResourcesBuildPhase section */
		47AD855D1B6CF6F700B5A3C1 /* Resources */ = {
			isa = PBXResourcesBuildPhase;
			buildActionMask = 2147483647;
			files = (
				47AD85691B6CF6F700B5A3C1 /* Images.xcassets in Resources */,
				47AD856C1B6CF6F700B5A3C1 /* Main.storyboard in Resources */,
			);
			runOnlyForDeploymentPostprocessing = 0;
		};
		47AD856F1B6CF6F700B5A3C1 /* Resources */ = {
			isa = PBXResourcesBuildPhase;
			buildActionMask = 2147483647;
			files = (
			);
			runOnlyForDeploymentPostprocessing = 0;
		};
/* End PBXResourcesBuildPhase section */

/* Begin PBXShellScriptBuildPhase section */
		47EFA2561B9C5689001AE5B4 /* Copy Dependencies */ = {
			isa = PBXShellScriptBuildPhase;
			buildActionMask = 2147483647;
			files = (
			);
			inputPaths = (
			);
			name = "Copy Dependencies";
			outputPaths = (
			);
			runOnlyForDeploymentPostprocessing = 0;
			shellPath = /bin/sh;
			shellScript = "${SRCROOT}/bundle_libmpv_deps.sh";
			showEnvVarsInLog = 0;
		};
		5E313414F0AF578E6DEB2B9F /* Embed Pods Frameworks */ = {
			isa = PBXShellScriptBuildPhase;
			buildActionMask = 2147483647;
			files = (
			);
			inputPaths = (
			);
			name = "Embed Pods Frameworks";
			outputPaths = (
			);
			runOnlyForDeploymentPostprocessing = 0;
			shellPath = /bin/sh;
			shellScript = "\"${SRCROOT}/Pods/Target Support Files/Pods-mpx/Pods-mpx-frameworks.sh\"\n";
			showEnvVarsInLog = 0;
		};
		73CD8E087EDD7464AB9883CA /* Copy Pods Resources */ = {
			isa = PBXShellScriptBuildPhase;
			buildActionMask = 2147483647;
			files = (
			);
			inputPaths = (
			);
			name = "Copy Pods Resources";
			outputPaths = (
			);
			runOnlyForDeploymentPostprocessing = 0;
			shellPath = /bin/sh;
			shellScript = "\"${SRCROOT}/Pods/Target Support Files/Pods-mpx/Pods-mpx-resources.sh\"\n";
			showEnvVarsInLog = 0;
		};
		D0D67C15A1BCDCD7D283D434 /* Check Pods Manifest.lock */ = {
			isa = PBXShellScriptBuildPhase;
			buildActionMask = 2147483647;
			files = (
			);
			inputPaths = (
			);
			name = "Check Pods Manifest.lock";
			outputPaths = (
			);
			runOnlyForDeploymentPostprocessing = 0;
			shellPath = /bin/sh;
			shellScript = "diff \"${PODS_ROOT}/../Podfile.lock\" \"${PODS_ROOT}/Manifest.lock\" > /dev/null\nif [[ $? != 0 ]] ; then\n    cat << EOM\nerror: The sandbox is not in sync with the Podfile.lock. Run 'pod install' or update your CocoaPods installation.\nEOM\n    exit 1\nfi\n";
			showEnvVarsInLog = 0;
		};
/* End PBXShellScriptBuildPhase section */

/* Begin PBXSourcesBuildPhase section */
		47AD855B1B6CF6F700B5A3C1 /* Sources */ = {
			isa = PBXSourcesBuildPhase;
			buildActionMask = 2147483647;
			files = (
				4741D9921B99CD43001A1D6F /* PlayerViewController.swift in Sources */,
				47C5CEB51B87D1F700BE6554 /* ControlUIView.swift in Sources */,
				47EAAC531B8BBE3400EC1461 /* PlayerState.swift in Sources */,
				47C5CEB31B87C54900BE6554 /* ControlView.swift in Sources */,
				470A521C1B7A7F0900200D17 /* VideoView.swift in Sources */,
				47C5CEB11B86781600BE6554 /* PlayerWindow.swift in Sources */,
				47AD85D01B768FC100B5A3C1 /* PlayerWindowController.swift in Sources */,
				4741D9941B9B3F38001A1D6F /* KeyCode.swift in Sources */,
				47AD85CE1B6EA6A800B5A3C1 /* swiftbridge.m in Sources */,
				47AD85981B6D51E900B5A3C1 /* MpvController.swift in Sources */,
				47AD85651B6CF6F700B5A3C1 /* AppDelegate.swift in Sources */,
			);
			runOnlyForDeploymentPostprocessing = 0;
		};
		47AD856D1B6CF6F700B5A3C1 /* Sources */ = {
			isa = PBXSourcesBuildPhase;
			buildActionMask = 2147483647;
			files = (
				47EAAC551B8D095100EC1461 /* mpxTests.swift in Sources */,
			);
			runOnlyForDeploymentPostprocessing = 0;
		};
/* End PBXSourcesBuildPhase section */

/* Begin PBXTargetDependency section */
		47AD85731B6CF6F700B5A3C1 /* PBXTargetDependency */ = {
			isa = PBXTargetDependency;
			target = 47AD855E1B6CF6F700B5A3C1 /* mpx */;
			targetProxy = 47AD85721B6CF6F700B5A3C1 /* PBXContainerItemProxy */;
		};
/* End PBXTargetDependency section */

/* Begin PBXVariantGroup section */
		47AD856A1B6CF6F700B5A3C1 /* Main.storyboard */ = {
			isa = PBXVariantGroup;
			children = (
				47AD856B1B6CF6F700B5A3C1 /* Base */,
			);
			name = Main.storyboard;
			sourceTree = "<group>";
		};
/* End PBXVariantGroup section */

/* Begin XCBuildConfiguration section */
		47AD85791B6CF6F700B5A3C1 /* Debug */ = {
			isa = XCBuildConfiguration;
			buildSettings = {
				ALWAYS_SEARCH_USER_PATHS = NO;
				CLANG_CXX_LANGUAGE_STANDARD = "gnu++0x";
				CLANG_CXX_LIBRARY = "libc++";
				CLANG_ENABLE_MODULES = YES;
				CLANG_ENABLE_OBJC_ARC = YES;
				CLANG_WARN_BOOL_CONVERSION = YES;
				CLANG_WARN_CONSTANT_CONVERSION = YES;
				CLANG_WARN_DIRECT_OBJC_ISA_USAGE = YES_ERROR;
				CLANG_WARN_EMPTY_BODY = YES;
				CLANG_WARN_ENUM_CONVERSION = YES;
				CLANG_WARN_INT_CONVERSION = YES;
				CLANG_WARN_OBJC_ROOT_CLASS = YES_ERROR;
				CLANG_WARN_UNREACHABLE_CODE = YES;
				CLANG_WARN__DUPLICATE_METHOD_MATCH = YES;
				CODE_SIGN_IDENTITY = "-";
				COPY_PHASE_STRIP = NO;
				DEBUG_INFORMATION_FORMAT = dwarf;
				ENABLE_STRICT_OBJC_MSGSEND = YES;
				ENABLE_TESTABILITY = YES;
				GCC_C_LANGUAGE_STANDARD = gnu99;
				GCC_DYNAMIC_NO_PIC = NO;
				GCC_NO_COMMON_BLOCKS = YES;
				GCC_OPTIMIZATION_LEVEL = 0;
				GCC_PREPROCESSOR_DEFINITIONS = (
					"DEBUG=1",
					"$(inherited)",
				);
				GCC_SYMBOLS_PRIVATE_EXTERN = NO;
				GCC_WARN_64_TO_32_BIT_CONVERSION = YES;
				GCC_WARN_ABOUT_RETURN_TYPE = YES_ERROR;
				GCC_WARN_UNDECLARED_SELECTOR = YES;
				GCC_WARN_UNINITIALIZED_AUTOS = YES_AGGRESSIVE;
				GCC_WARN_UNUSED_FUNCTION = YES;
				GCC_WARN_UNUSED_VARIABLE = YES;
				MACOSX_DEPLOYMENT_TARGET = 10.10;
				MTL_ENABLE_DEBUG_INFO = YES;
				ONLY_ACTIVE_ARCH = YES;
				SDKROOT = macosx;
				STRIP_INSTALLED_PRODUCT = NO;
				SWIFT_OBJC_BRIDGING_HEADER = include/swiftbridge.h;
				SWIFT_OPTIMIZATION_LEVEL = "-Onone";
			};
			name = Debug;
		};
		47AD857A1B6CF6F700B5A3C1 /* Release */ = {
			isa = XCBuildConfiguration;
			buildSettings = {
				ALWAYS_SEARCH_USER_PATHS = NO;
				CLANG_CXX_LANGUAGE_STANDARD = "gnu++0x";
				CLANG_CXX_LIBRARY = "libc++";
				CLANG_ENABLE_MODULES = YES;
				CLANG_ENABLE_OBJC_ARC = YES;
				CLANG_WARN_BOOL_CONVERSION = YES;
				CLANG_WARN_CONSTANT_CONVERSION = YES;
				CLANG_WARN_DIRECT_OBJC_ISA_USAGE = YES_ERROR;
				CLANG_WARN_EMPTY_BODY = YES;
				CLANG_WARN_ENUM_CONVERSION = YES;
				CLANG_WARN_INT_CONVERSION = YES;
				CLANG_WARN_OBJC_ROOT_CLASS = YES_ERROR;
				CLANG_WARN_UNREACHABLE_CODE = YES;
				CLANG_WARN__DUPLICATE_METHOD_MATCH = YES;
				CODE_SIGN_IDENTITY = "-";
				COPY_PHASE_STRIP = NO;
				DEBUG_INFORMATION_FORMAT = "dwarf-with-dsym";
				ENABLE_NS_ASSERTIONS = NO;
				ENABLE_STRICT_OBJC_MSGSEND = YES;
				GCC_C_LANGUAGE_STANDARD = gnu99;
				GCC_NO_COMMON_BLOCKS = YES;
				GCC_WARN_64_TO_32_BIT_CONVERSION = YES;
				GCC_WARN_ABOUT_RETURN_TYPE = YES_ERROR;
				GCC_WARN_UNDECLARED_SELECTOR = YES;
				GCC_WARN_UNINITIALIZED_AUTOS = YES_AGGRESSIVE;
				GCC_WARN_UNUSED_FUNCTION = YES;
				GCC_WARN_UNUSED_VARIABLE = YES;
				MACOSX_DEPLOYMENT_TARGET = 10.10;
				MTL_ENABLE_DEBUG_INFO = NO;
				SDKROOT = macosx;
				STRIP_INSTALLED_PRODUCT = NO;
				SWIFT_OBJC_BRIDGING_HEADER = include/swiftbridge.h;
			};
			name = Release;
		};
		47AD857C1B6CF6F700B5A3C1 /* Debug */ = {
			isa = XCBuildConfiguration;
			baseConfigurationReference = 937C74BFC03A022A479B49F1 /* Pods-mpx.debug.xcconfig */;
			buildSettings = {
				ASSETCATALOG_COMPILER_APPICON_NAME = AppIcon;
				CLANG_ENABLE_MODULES = YES;
				COMBINE_HIDPI_IMAGES = YES;
				INFOPLIST_FILE = mpx/Info.plist;
				LD_RUNPATH_SEARCH_PATHS = "$(inherited) @executable_path/../Frameworks";
				LIBRARY_SEARCH_PATHS = (
					"$(inherited)",
					"$(PROJECT_DIR)",
					"$(PROJECT_DIR)/lib",
				);
				MACH_O_TYPE = mh_execute;
				OTHER_SWIFT_FLAGS = "$(inherited) -DDEBUG";
				PRODUCT_BUNDLE_IDENTIFIER = "org.phill84.$(PRODUCT_NAME:rfc1034identifier)";
				PRODUCT_NAME = "$(TARGET_NAME)";
				SWIFT_OPTIMIZATION_LEVEL = "-Onone";
			};
			name = Debug;
		};
		47AD857D1B6CF6F700B5A3C1 /* Release */ = {
			isa = XCBuildConfiguration;
			baseConfigurationReference = ECAF707CAD6A950CA12731C5 /* Pods-mpx.release.xcconfig */;
			buildSettings = {
				ASSETCATALOG_COMPILER_APPICON_NAME = AppIcon;
				CLANG_ENABLE_MODULES = YES;
				COMBINE_HIDPI_IMAGES = YES;
				INFOPLIST_FILE = mpx/Info.plist;
				LD_RUNPATH_SEARCH_PATHS = "$(inherited) @executable_path/../Frameworks";
				LIBRARY_SEARCH_PATHS = (
					"$(inherited)",
					"$(PROJECT_DIR)",
					"$(PROJECT_DIR)/lib",
				);
				MACH_O_TYPE = mh_execute;
				PRODUCT_BUNDLE_IDENTIFIER = "org.phill84.$(PRODUCT_NAME:rfc1034identifier)";
				PRODUCT_NAME = "$(TARGET_NAME)";
			};
			name = Release;
		};
		47AD857F1B6CF6F700B5A3C1 /* Debug */ = {
			isa = XCBuildConfiguration;
			buildSettings = {
				BUNDLE_LOADER = "$(TEST_HOST)";
				CLANG_ENABLE_MODULES = YES;
				COMBINE_HIDPI_IMAGES = YES;
				FRAMEWORK_SEARCH_PATHS = (
					"$(DEVELOPER_FRAMEWORKS_DIR)",
					"$(inherited)",
				);
				GCC_PREPROCESSOR_DEFINITIONS = (
					"DEBUG=1",
					"$(inherited)",
				);
				INFOPLIST_FILE = mpxTests/Info.plist;
				LD_RUNPATH_SEARCH_PATHS = "$(inherited) @executable_path/../Frameworks @loader_path/../Frameworks";
				PRODUCT_BUNDLE_IDENTIFIER = "org.phill84.$(PRODUCT_NAME:rfc1034identifier)";
				PRODUCT_NAME = "$(TARGET_NAME)";
				SWIFT_OPTIMIZATION_LEVEL = "-Onone";
				TEST_HOST = "$(BUILT_PRODUCTS_DIR)/mpx.app/Contents/MacOS/mpx";
			};
			name = Debug;
		};
		47AD85801B6CF6F700B5A3C1 /* Release */ = {
			isa = XCBuildConfiguration;
			buildSettings = {
				BUNDLE_LOADER = "$(TEST_HOST)";
				CLANG_ENABLE_MODULES = YES;
				COMBINE_HIDPI_IMAGES = YES;
				FRAMEWORK_SEARCH_PATHS = (
					"$(DEVELOPER_FRAMEWORKS_DIR)",
					"$(inherited)",
				);
				INFOPLIST_FILE = mpxTests/Info.plist;
				LD_RUNPATH_SEARCH_PATHS = "$(inherited) @executable_path/../Frameworks @loader_path/../Frameworks";
				PRODUCT_BUNDLE_IDENTIFIER = "org.phill84.$(PRODUCT_NAME:rfc1034identifier)";
				PRODUCT_NAME = "$(TARGET_NAME)";
				TEST_HOST = "$(BUILT_PRODUCTS_DIR)/mpx.app/Contents/MacOS/mpx";
			};
			name = Release;
		};
/* End XCBuildConfiguration section */

/* Begin XCConfigurationList section */
		47AD855A1B6CF6F700B5A3C1 /* Build configuration list for PBXProject "mpx" */ = {
			isa = XCConfigurationList;
			buildConfigurations = (
				47AD85791B6CF6F700B5A3C1 /* Debug */,
				47AD857A1B6CF6F700B5A3C1 /* Release */,
			);
			defaultConfigurationIsVisible = 0;
			defaultConfigurationName = Release;
		};
		47AD857B1B6CF6F700B5A3C1 /* Build configuration list for PBXNativeTarget "mpx" */ = {
			isa = XCConfigurationList;
			buildConfigurations = (
				47AD857C1B6CF6F700B5A3C1 /* Debug */,
				47AD857D1B6CF6F700B5A3C1 /* Release */,
			);
			defaultConfigurationIsVisible = 0;
			defaultConfigurationName = Release;
		};
		47AD857E1B6CF6F700B5A3C1 /* Build configuration list for PBXNativeTarget "mpxTests" */ = {
			isa = XCConfigurationList;
			buildConfigurations = (
				47AD857F1B6CF6F700B5A3C1 /* Debug */,
				47AD85801B6CF6F700B5A3C1 /* Release */,
			);
			defaultConfigurationIsVisible = 0;
			defaultConfigurationName = Release;
		};
/* End XCConfigurationList section */
	};
	rootObject = 47AD85571B6CF6F700B5A3C1 /* Project object */;
}
