// !$*UTF8*$!
{
	archiveVersion = 1;
	classes = {
	};
	objectVersion = 46;
	objects = {

/* Begin PBXBuildFile section */
		47AD85651B6CF6F700B5A3C1 /* AppDelegate.swift in Sources */ = {isa = PBXBuildFile; fileRef = 47AD85641B6CF6F700B5A3C1 /* AppDelegate.swift */; };
		47AD85671B6CF6F700B5A3C1 /* ViewController.swift in Sources */ = {isa = PBXBuildFile; fileRef = 47AD85661B6CF6F700B5A3C1 /* ViewController.swift */; };
		47AD85691B6CF6F700B5A3C1 /* Images.xcassets in Resources */ = {isa = PBXBuildFile; fileRef = 47AD85681B6CF6F700B5A3C1 /* Images.xcassets */; };
		47AD856C1B6CF6F700B5A3C1 /* Main.storyboard in Resources */ = {isa = PBXBuildFile; fileRef = 47AD856A1B6CF6F700B5A3C1 /* Main.storyboard */; };
		47AD85781B6CF6F700B5A3C1 /* mpxTests.swift in Sources */ = {isa = PBXBuildFile; fileRef = 47AD85771B6CF6F700B5A3C1 /* mpxTests.swift */; };
/* End PBXBuildFile section */

/* Begin PBXContainerItemProxy section */
		47AD85721B6CF6F700B5A3C1 /* PBXContainerItemProxy */ = {
			isa = PBXContainerItemProxy;
			containerPortal = 47AD85571B6CF6F700B5A3C1 /* Project object */;
			proxyType = 1;
			remoteGlobalIDString = 47AD855E1B6CF6F700B5A3C1;
			remoteInfo = mpx;
		};
/* End PBXContainerItemProxy section */

/* Begin PBXFileReference section */
		47AD855F1B6CF6F700B5A3C1 /* mpx.app */ = {isa = PBXFileReference; explicitFileType = wrapper.application; includeInIndex = 0; path = mpx.app; sourceTree = BUILT_PRODUCTS_DIR; };
		47AD85631B6CF6F700B5A3C1 /* Info.plist */ = {isa = PBXFileReference; lastKnownFileType = text.plist.xml; path = Info.plist; sourceTree = "<group>"; };
		47AD85641B6CF6F700B5A3C1 /* AppDelegate.swift */ = {isa = PBXFileReference; lastKnownFileType = sourcecode.swift; path = AppDelegate.swift; sourceTree = "<group>"; };
		47AD85661B6CF6F700B5A3C1 /* ViewController.swift */ = {isa = PBXFileReference; lastKnownFileType = sourcecode.swift; path = ViewController.swift; sourceTree = "<group>"; };
		47AD85681B6CF6F700B5A3C1 /* Images.xcassets */ = {isa = PBXFileReference; lastKnownFileType = folder.assetcatalog; path = Images.xcassets; sourceTree = "<group>"; };
		47AD856B1B6CF6F700B5A3C1 /* Base */ = {isa = PBXFileReference; lastKnownFileType = file.storyboard; name = Base; path = Base.lproj/Main.storyboard; sourceTree = "<group>"; };
		47AD85711B6CF6F700B5A3C1 /* mpxTests.xctest */ = {isa = PBXFileReference; explicitFileType = wrapper.cfbundle; includeInIndex = 0; path = mpxTests.xctest; sourceTree = BUILT_PRODUCTS_DIR; };
		47AD85761B6CF6F700B5A3C1 /* Info.plist */ = {isa = PBXFileReference; lastKnownFileType = text.plist.xml; path = Info.plist; sourceTree = "<group>"; };
		47AD85771B6CF6F700B5A3C1 /* mpxTests.swift */ = {isa = PBXFileReference; lastKnownFileType = sourcecode.swift; path = mpxTests.swift; sourceTree = "<group>"; };
/* End PBXFileReference section */

/* Begin PBXFrameworksBuildPhase section */
		47AD855C1B6CF6F700B5A3C1 /* Frameworks */ = {
			isa = PBXFrameworksBuildPhase;
			buildActionMask = 2147483647;
			files = (
			);
			runOnlyForDeploymentPostprocessing = 0;
		};
		47AD856E1B6CF6F700B5A3C1 /* Frameworks */ = {
			isa = PBXFrameworksBuildPhase;
			buildActionMask = 2147483647;
			files = (
			);
			runOnlyForDeploymentPostprocessing = 0;
		};
/* End PBXFrameworksBuildPhase section */

/* Begin PBXGroup section */
		47AD85561B6CF6F700B5A3C1 = {
			isa = PBXGroup;
			children = (
				47AD85611B6CF6F700B5A3C1 /* mpx */,
				47AD85741B6CF6F700B5A3C1 /* mpxTests */,
				47AD85601B6CF6F700B5A3C1 /* Products */,
			);
			sourceTree = "<group>";
		};
		47AD85601B6CF6F700B5A3C1 /* Products */ = {
			isa = PBXGroup;
			children = (
				47AD855F1B6CF6F700B5A3C1 /* mpx.app */,
				47AD85711B6CF6F700B5A3C1 /* mpxTests.xctest */,
			);
			name = Products;
			sourceTree = "<group>";
		};
		47AD85611B6CF6F700B5A3C1 /* mpx */ = {
			isa = PBXGroup;
			children = (
				47AD85641B6CF6F700B5A3C1 /* AppDelegate.swift */,
				47AD85661B6CF6F700B5A3C1 /* ViewController.swift */,
				47AD85681B6CF6F700B5A3C1 /* Images.xcassets */,
				47AD856A1B6CF6F700B5A3C1 /* Main.storyboard */,
				47AD85621B6CF6F700B5A3C1 /* Supporting Files */,
			);
			path = mpx;
			sourceTree = "<group>";
		};
		47AD85621B6CF6F700B5A3C1 /* Supporting Files */ = {
			isa = PBXGroup;
			children = (
				47AD85631B6CF6F700B5A3C1 /* Info.plist */,
			);
			name = "Supporting Files";
			sourceTree = "<group>";
		};
		47AD85741B6CF6F700B5A3C1 /* mpxTests */ = {
			isa = PBXGroup;
			children = (
				47AD85771B6CF6F700B5A3C1 /* mpxTests.swift */,
				47AD85751B6CF6F700B5A3C1 /* Supporting Files */,
			);
			path = mpxTests;
			sourceTree = "<group>";
		};
		47AD85751B6CF6F700B5A3C1 /* Supporting Files */ = {
			isa = PBXGroup;
			children = (
				47AD85761B6CF6F700B5A3C1 /* Info.plist */,
			);
			name = "Supporting Files";
			sourceTree = "<group>";
		};
/* End PBXGroup section */

/* Begin PBXNativeTarget section */
		47AD855E1B6CF6F700B5A3C1 /* mpx */ = {
			isa = PBXNativeTarget;
			buildConfigurationList = 47AD857B1B6CF6F700B5A3C1 /* Build configuration list for PBXNativeTarget "mpx" */;
			buildPhases = (
				47AD855B1B6CF6F700B5A3C1 /* Sources */,
				47AD855C1B6CF6F700B5A3C1 /* Frameworks */,
				47AD855D1B6CF6F700B5A3C1 /* Resources */,
			);
			buildRules = (
			);
			dependencies = (
			);
			name = mpx;
			productName = mpx;
			productReference = 47AD855F1B6CF6F700B5A3C1 /* mpx.app */;
			productType = "com.apple.product-type.application";
		};
		47AD85701B6CF6F700B5A3C1 /* mpxTests */ = {
			isa = PBXNativeTarget;
			buildConfigurationList = 47AD857E1B6CF6F700B5A3C1 /* Build configuration list for PBXNativeTarget "mpxTests" */;
			buildPhases = (
				47AD856D1B6CF6F700B5A3C1 /* Sources */,
				47AD856E1B6CF6F700B5A3C1 /* Frameworks */,
				47AD856F1B6CF6F700B5A3C1 /* Resources */,
			);
			buildRules = (
			);
			dependencies = (
				47AD85731B6CF6F700B5A3C1 /* PBXTargetDependency */,
			);
			name = mpxTests;
			productName = mpxTests;
			productReference = 47AD85711B6CF6F700B5A3C1 /* mpxTests.xctest */;
			productType = "com.apple.product-type.bundle.unit-test";
		};
/* End PBXNativeTarget section */

/* Begin PBXProject section */
		47AD85571B6CF6F700B5A3C1 /* Project object */ = {
			isa = PBXProject;
			attributes = {
				LastUpgradeCheck = 0640;
				ORGANIZATIONNAME = phill84;
				TargetAttributes = {
					47AD855E1B6CF6F700B5A3C1 = {
						CreatedOnToolsVersion = 6.4;
					};
					47AD85701B6CF6F700B5A3C1 = {
						CreatedOnToolsVersion = 6.4;
						TestTargetID = 47AD855E1B6CF6F700B5A3C1;
					};
				};
			};
			buildConfigurationList = 47AD855A1B6CF6F700B5A3C1 /* Build configuration list for PBXProject "mpx" */;
			compatibilityVersion = "Xcode 3.2";
			developmentRegion = English;
			hasScannedForEncodings = 0;
			knownRegions = (
				en,
				Base,
			);
			mainGroup = 47AD85561B6CF6F700B5A3C1;
			productRefGroup = 47AD85601B6CF6F700B5A3C1 /* Products */;
			projectDirPath = "";
			projectRoot = "";
			targets = (
				47AD855E1B6CF6F700B5A3C1 /* mpx */,
				47AD85701B6CF6F700B5A3C1 /* mpxTests */,
			);
		};
/* End PBXProject section */

/* Begin PBXResourcesBuildPhase section */
		47AD855D1B6CF6F700B5A3C1 /* Resources */ = {
			isa = PBXResourcesBuildPhase;
			buildActionMask = 2147483647;
			files = (
				47AD85691B6CF6F700B5A3C1 /* Images.xcassets in Resources */,
				47AD856C1B6CF6F700B5A3C1 /* Main.storyboard in Resources */,
			);
			runOnlyForDeploymentPostprocessing = 0;
		};
		47AD856F1B6CF6F700B5A3C1 /* Resources */ = {
			isa = PBXResourcesBuildPhase;
			buildActionMask = 2147483647;
			files = (
			);
			runOnlyForDeploymentPostprocessing = 0;
		};
/* End PBXResourcesBuildPhase section */

/* Begin PBXSourcesBuildPhase section */
		47AD855B1B6CF6F700B5A3C1 /* Sources */ = {
			isa = PBXSourcesBuildPhase;
			buildActionMask = 2147483647;
			files = (
				47AD85671B6CF6F700B5A3C1 /* ViewController.swift in Sources */,
				47AD85651B6CF6F700B5A3C1 /* AppDelegate.swift in Sources */,
			);
			runOnlyForDeploymentPostprocessing = 0;
		};
		47AD856D1B6CF6F700B5A3C1 /* Sources */ = {
			isa = PBXSourcesBuildPhase;
			buildActionMask = 2147483647;
			files = (
				47AD85781B6CF6F700B5A3C1 /* mpxTests.swift in Sources */,
			);
			runOnlyForDeploymentPostprocessing = 0;
		};
/* End PBXSourcesBuildPhase section */

/* Begin PBXTargetDependency section */
		47AD85731B6CF6F700B5A3C1 /* PBXTargetDependency */ = {
			isa = PBXTargetDependency;
			target = 47AD855E1B6CF6F700B5A3C1 /* mpx */;
			targetProxy = 47AD85721B6CF6F700B5A3C1 /* PBXContainerItemProxy */;
		};
/* End PBXTargetDependency section */

/* Begin PBXVariantGroup section */
		47AD856A1B6CF6F700B5A3C1 /* Main.storyboard */ = {
			isa = PBXVariantGroup;
			children = (
				47AD856B1B6CF6F700B5A3C1 /* Base */,
			);
			name = Main.storyboard;
			sourceTree = "<group>";
		};
/* End PBXVariantGroup section */

/* Begin XCBuildConfiguration section */
		47AD85791B6CF6F700B5A3C1 /* Debug */ = {
			isa = XCBuildConfiguration;
			buildSettings = {
				ALWAYS_SEARCH_USER_PATHS = NO;
				CLANG_CXX_LANGUAGE_STANDARD = "gnu++0x";
				CLANG_CXX_LIBRARY = "libc++";
				CLANG_ENABLE_MODULES = YES;
				CLANG_ENABLE_OBJC_ARC = YES;
				CLANG_WARN_BOOL_CONVERSION = YES;
				CLANG_WARN_CONSTANT_CONVERSION = YES;
				CLANG_WARN_DIRECT_OBJC_ISA_USAGE = YES_ERROR;
				CLANG_WARN_EMPTY_BODY = YES;
				CLANG_WARN_ENUM_CONVERSION = YES;
				CLANG_WARN_INT_CONVERSION = YES;
				CLANG_WARN_OBJC_ROOT_CLASS = YES_ERROR;
				CLANG_WARN_UNREACHABLE_CODE = YES;
				CLANG_WARN__DUPLICATE_METHOD_MATCH = YES;
				CODE_SIGN_IDENTITY = "-";
				COPY_PHASE_STRIP = NO;
				DEBUG_INFORMATION_FORMAT = dwarf;
				ENABLE_STRICT_OBJC_MSGSEND = YES;
				GCC_C_LANGUAGE_STANDARD = gnu99;
				GCC_DYNAMIC_NO_PIC = NO;
				GCC_NO_COMMON_BLOCKS = YES;
				GCC_OPTIMIZATION_LEVEL = 0;
				GCC_PREPROCESSOR_DEFINITIONS = (
					"DEBUG=1",
					"$(inherited)",
				);
				GCC_SYMBOLS_PRIVATE_EXTERN = NO;
				GCC_WARN_64_TO_32_BIT_CONVERSION = YES;
				GCC_WARN_ABOUT_RETURN_TYPE = YES_ERROR;
				GCC_WARN_UNDECLARED_SELECTOR = YES;
				GCC_WARN_UNINITIALIZED_AUTOS = YES_AGGRESSIVE;
				GCC_WARN_UNUSED_FUNCTION = YES;
				GCC_WARN_UNUSED_VARIABLE = YES;
				MACOSX_DEPLOYMENT_TARGET = 10.10;
				MTL_ENABLE_DEBUG_INFO = YES;
				ONLY_ACTIVE_ARCH = YES;
				SDKROOT = macosx;
				SWIFT_OPTIMIZATION_LEVEL = "-Onone";
			};
			name = Debug;
		};
		47AD857A1B6CF6F700B5A3C1 /* Release */ = {
			isa = XCBuildConfiguration;
			buildSettings = {
				ALWAYS_SEARCH_USER_PATHS = NO;
				CLANG_CXX_LANGUAGE_STANDARD = "gnu++0x";
				CLANG_CXX_LIBRARY = "libc++";
				CLANG_ENABLE_MODULES = YES;
				CLANG_ENABLE_OBJC_ARC = YES;
				CLANG_WARN_BOOL_CONVERSION = YES;
				CLANG_WARN_CONSTANT_CONVERSION = YES;
				CLANG_WARN_DIRECT_OBJC_ISA_USAGE = YES_ERROR;
				CLANG_WARN_EMPTY_BODY = YES;
				CLANG_WARN_ENUM_CONVERSION = YES;
				CLANG_WARN_INT_CONVERSION = YES;
				CLANG_WARN_OBJC_ROOT_CLASS = YES_ERROR;
				CLANG_WARN_UNREACHABLE_CODE = YES;
				CLANG_WARN__DUPLICATE_METHOD_MATCH = YES;
				CODE_SIGN_IDENTITY = "-";
				COPY_PHASE_STRIP = NO;
				DEBUG_INFORMATION_FORMAT = "dwarf-with-dsym";
				ENABLE_NS_ASSERTIONS = NO;
				ENABLE_STRICT_OBJC_MSGSEND = YES;
				GCC_C_LANGUAGE_STANDARD = gnu99;
				GCC_NO_COMMON_BLOCKS = YES;
				GCC_WARN_64_TO_32_BIT_CONVERSION = YES;
				GCC_WARN_ABOUT_RETURN_TYPE = YES_ERROR;
				GCC_WARN_UNDECLARED_SELECTOR = YES;
				GCC_WARN_UNINITIALIZED_AUTOS = YES_AGGRESSIVE;
				GCC_WARN_UNUSED_FUNCTION = YES;
				GCC_WARN_UNUSED_VARIABLE = YES;
				MACOSX_DEPLOYMENT_TARGET = 10.10;
				MTL_ENABLE_DEBUG_INFO = NO;
				SDKROOT = macosx;
			};
			name = Release;
		};
		47AD857C1B6CF6F700B5A3C1 /* Debug */ = {
			isa = XCBuildConfiguration;
			buildSettings = {
				ASSETCATALOG_COMPILER_APPICON_NAME = AppIcon;
				COMBINE_HIDPI_IMAGES = YES;
				INFOPLIST_FILE = mpx/Info.plist;
				LD_RUNPATH_SEARCH_PATHS = "$(inherited) @executable_path/../Frameworks";
				PRODUCT_NAME = "$(TARGET_NAME)";
			};
			name = Debug;
		};
		47AD857D1B6CF6F700B5A3C1 /* Release */ = {
			isa = XCBuildConfiguration;
			buildSettings = {
				ASSETCATALOG_COMPILER_APPICON_NAME = AppIcon;
				COMBINE_HIDPI_IMAGES = YES;
				INFOPLIST_FILE = mpx/Info.plist;
				LD_RUNPATH_SEARCH_PATHS = "$(inherited) @executable_path/../Frameworks";
				PRODUCT_NAME = "$(TARGET_NAME)";
			};
			name = Release;
		};
		47AD857F1B6CF6F700B5A3C1 /* Debug */ = {
			isa = XCBuildConfiguration;
			buildSettings = {
				BUNDLE_LOADER = "$(TEST_HOST)";
				COMBINE_HIDPI_IMAGES = YES;
				FRAMEWORK_SEARCH_PATHS = (
					"$(DEVELOPER_FRAMEWORKS_DIR)",
					"$(inherited)",
				);
				GCC_PREPROCESSOR_DEFINITIONS = (
					"DEBUG=1",
					"$(inherited)",
				);
				INFOPLIST_FILE = mpxTests/Info.plist;
				LD_RUNPATH_SEARCH_PATHS = "$(inherited) @executable_path/../Frameworks @loader_path/../Frameworks";
				PRODUCT_NAME = "$(TARGET_NAME)";
				TEST_HOST = "$(BUILT_PRODUCTS_DIR)/mpx.app/Contents/MacOS/mpx";
			};
			name = Debug;
		};
		47AD85801B6CF6F700B5A3C1 /* Release */ = {
			isa = XCBuildConfiguration;
			buildSettings = {
				BUNDLE_LOADER = "$(TEST_HOST)";
				COMBINE_HIDPI_IMAGES = YES;
				FRAMEWORK_SEARCH_PATHS = (
					"$(DEVELOPER_FRAMEWORKS_DIR)",
					"$(inherited)",
				);
				INFOPLIST_FILE = mpxTests/Info.plist;
				LD_RUNPATH_SEARCH_PATHS = "$(inherited) @executable_path/../Frameworks @loader_path/../Frameworks";
				PRODUCT_NAME = "$(TARGET_NAME)";
				TEST_HOST = "$(BUILT_PRODUCTS_DIR)/mpx.app/Contents/MacOS/mpx";
			};
			name = Release;
		};
/* End XCBuildConfiguration section */

/* Begin XCConfigurationList section */
		47AD855A1B6CF6F700B5A3C1 /* Build configuration list for PBXProject "mpx" */ = {
			isa = XCConfigurationList;
			buildConfigurations = (
				47AD85791B6CF6F700B5A3C1 /* Debug */,
				47AD857A1B6CF6F700B5A3C1 /* Release */,
			);
			defaultConfigurationIsVisible = 0;
			defaultConfigurationName = Release;
		};
		47AD857B1B6CF6F700B5A3C1 /* Build configuration list for PBXNativeTarget "mpx" */ = {
			isa = XCConfigurationList;
			buildConfigurations = (
				47AD857C1B6CF6F700B5A3C1 /* Debug */,
				47AD857D1B6CF6F700B5A3C1 /* Release */,
			);
			defaultConfigurationIsVisible = 0;
		};
		47AD857E1B6CF6F700B5A3C1 /* Build configuration list for PBXNativeTarget "mpxTests" */ = {
			isa = XCConfigurationList;
			buildConfigurations = (
				47AD857F1B6CF6F700B5A3C1 /* Debug */,
				47AD85801B6CF6F700B5A3C1 /* Release */,
			);
			defaultConfigurationIsVisible = 0;
		};
/* End XCConfigurationList section */
	};
	rootObject = 47AD85571B6CF6F700B5A3C1 /* Project object */;
}
